<Solution>
  <Folder Name="/docs/">
    <File Path="docs/ANALYZERS.md" />
    <File Path="docs/ASSETS.md" />
    <File Path="docs/BRAND.md" />
    <File Path="docs/CORRELATION.md" />
    <File Path="docs/ERROR_CODES.md" />
    <File Path="docs/PRERELEASE_PROMPT.md" />
  </Folder>
  <Folder Name="/samples/">
    <File Path="samples/Directory.Build.props" />
    <File Path="samples/Directory.Packages.props" />
    <Project Path="samples/SQLite/Kaleido.Samples.SQLite.csproj" />
  </Folder>
  <Folder Name="/samples/ECommerce/">
    <Project Path="samples/ECommerce/Data/Kaleido.Samples.ECommerce.Data.csproj" />
    <Project Path="samples/ECommerce/NetCoreApp/Kaleido.Samples.ECommerce.NetCoreApp.csproj" />
    <Project Path="samples/ECommerce/Process/Kaleido.Samples.ECommerce.Process.csproj" />
    <Project Path="samples/ECommerce/Queryable/Kaleido.Samples.ECommerce.Queryable.csproj" />
    <Project Path="samples/ECommerce/Shared/Kaleido.Samples.ECommerce.Shared.csproj" />
  </Folder>
  <Folder Name="/samples/PriorAuth/">
    <File Path="samples/PriorAuth/AGENTS.md" />
    <Project Path="samples/PriorAuth/Common/Kaleido.Samples.PriorAuth.Common.csproj" />
    <Project Path="samples/PriorAuth/Compose/Kaleido.Samples.PriorAuth.Compose.dcproj" Id="dfa3ef7b-d8d9-8b28-30b1-e97146d284f8">
      <Build />
    </Project>
    <Project Path="samples/PriorAuth/EventCollector/Kaleido.Samples.PriorAuth.EventCollector.csproj" />
    <Project Path="samples/PriorAuth/Router/Kaleido.Samples.PriorAuth.Router.csproj" />
    <Project Path="samples/PriorAuth/Seeder/Kaleido.Samples.PriorAuth.Seeder.csproj" />
  </Folder>
  <Folder Name="/samples/PriorAuth/Services/">
    <Project Path="samples/PriorAuth/Services/CodeSet/Kaleido.Samples.PriorAuth.CodeSet.csproj" />
    <Project Path="samples/PriorAuth/Services/Configuration/Kaleido.Samples.PriorAuth.Configuration.csproj" />
    <Project Path="samples/PriorAuth/Services/History/Kaleido.Samples.PriorAuth.History.csproj" />
    <Project Path="samples/PriorAuth/Services/Intake/Kaleido.Samples.PriorAuth.Intake.csproj" />
    <Project Path="samples/PriorAuth/Services/Member/Kaleido.Samples.PriorAuth.Member.csproj" />
    <Project Path="samples/PriorAuth/Services/Provider/Kaleido.Samples.PriorAuth.Provider.csproj" />
    <Project Path="samples/PriorAuth/Services/Radiology/Kaleido.Samples.PriorAuth.Radiology.csproj" />
    <Project Path="samples/PriorAuth/Services/ReferenceData/Kaleido.Samples.PriorAuth.ReferenceData.csproj" />
  </Folder>
  <Folder Name="/Solution Items/">
    <File Path=".dockerignore" />
    <File Path=".editorconfig" />
    <File Path=".gitattributes" />
    <File Path=".gitignore" />
    <File Path="AGENTS.md" />
    <File Path="ARCHITECTURE.md" />
    <File Path="Directory.Build.props" />
    <File Path="Directory.Packages.props" />
    <File Path="global.json" />
    <File Path="README.md" />
  </Folder>
  <Folder Name="/src/">
    <File Path="src/AGENTS.md" />
    <File Path="src/ARCHITECTURE.md" />
    <File Path="src/Directory.Build.props" />
    <Project Path="src/Kaleido.Http.Abstractions/Kaleido.Http.Abstractions.csproj" />
    <Project Path="src/Kaleido.Http.Client/Kaleido.Http.Client.csproj" />
    <Project Path="src/Kaleido.Http/Kaleido.Http.csproj" />
    <Project Path="src/Kaleido.Observability.OpenTelemetry/Kaleido.Observability.OpenTelemetry.csproj" />
    <Project Path="src/Kaleido.Provider.SQLite/Kaleido.Provider.SQLite.csproj" />
    <Project Path="src/Kaleido/Kaleido.csproj" />
  </Folder>
  <Folder Name="/test/">
    <File Path="tests/AGENTS.md" />
    <File Path="tests/Directory.Build.props" />
    <File Path="tests/Directory.Packages.props" />
    <Project Path="tests/Kaleido.Analyzers.Source.UnitTests/Kaleido.Analyzers.Source.UnitTests.csproj" />
    <Project Path="tests/Kaleido.Analyzers.Testing.UnitTests/Kaleido.Analyzers.Testing.UnitTests.csproj" />
    <Project Path="tests/Kaleido.Analyzers.UnitTests/Kaleido.Analyzers.UnitTests.csproj" />
    <Project Path="tests/Kaleido.Http.Abstractions.UnitTests/Kaleido.Http.Abstractions.UnitTests.csproj" />
    <Project Path="tests/Kaleido.Http.Client.UnitTests/Kaleido.Http.Client.UnitTests.csproj" />
    <Project Path="tests/Kaleido.Http.FunctionalTests/Kaleido.Http.FunctionalTests.csproj" />
    <Project Path="tests/Kaleido.Http.UnitTests/Kaleido.Http.UnitTests.csproj" />
    <Project Path="tests/Kaleido.IntegrationTests/Kaleido.IntegrationTests.csproj" />
    <Project Path="tests/Kaleido.Provider.SQLite.UnitTests/Kaleido.Provider.SQLite.UnitTests.csproj" />
    <Project Path="tests/Kaleido.UnitTests/Kaleido.UnitTests.csproj" />
  </Folder>
  <Folder Name="/tools/">
    <File Path="tools/Directory.Packages.props" />
    <Project Path="tools/analyzers/Kaleido.Analyzers.Source/Kaleido.Analyzers.Source.csproj" />
    <Project Path="tools/analyzers/Kaleido.Analyzers.Testing/Kaleido.Analyzers.Testing.csproj" />
    <Project Path="tools/analyzers/Kaleido.Analyzers/Kaleido.Analyzers.csproj" />
  </Folder>
</Solution>